// !$*UTF8*$!
{
	archiveVersion = 1;
	classes = {
	};
	objectVersion = 50;
	objects = {

/* Begin PBXBuildFile section */
		B0B9DBAD250FD1290069BDF4 /* AppDelegate.swift in Sources */ = {isa = PBXBuildFile; fileRef = B0B9DBAC250FD1290069BDF4 /* AppDelegate.swift */; };
		B0B9DBAF250FD1290069BDF4 /* SceneDelegate.swift in Sources */ = {isa = PBXBuildFile; fileRef = B0B9DBAE250FD1290069BDF4 /* SceneDelegate.swift */; };
		B0B9DBB1250FD1290069BDF4 /* ViewController.swift in Sources */ = {isa = PBXBuildFile; fileRef = B0B9DBB0250FD1290069BDF4 /* ViewController.swift */; };
		B0B9DBB4250FD1290069BDF4 /* Main.storyboard in Resources */ = {isa = PBXBuildFile; fileRef = B0B9DBB2250FD1290069BDF4 /* Main.storyboard */; };
		B0B9DBB6250FD1290069BDF4 /* ContentView.swift in Sources */ = {isa = PBXBuildFile; fileRef = B0B9DBB5250FD1290069BDF4 /* ContentView.swift */; };
		B0B9DBB8250FD12A0069BDF4 /* Assets.xcassets in Resources */ = {isa = PBXBuildFile; fileRef = B0B9DBB7250FD12A0069BDF4 /* Assets.xcassets */; };
		B0B9DBBB250FD12A0069BDF4 /* LaunchScreen.storyboard in Resources */ = {isa = PBXBuildFile; fileRef = B0B9DBB9250FD12A0069BDF4 /* LaunchScreen.storyboard */; };
		B0B9DBC6250FD12A0069BDF4 /* CustomiOSAdtraceTests.swift in Sources */ = {isa = PBXBuildFile; fileRef = B0B9DBC5250FD12A0069BDF4 /* CustomiOSAdtraceTests.swift */; };
		B0B9DBD1250FD12A0069BDF4 /* CustomiOSAdtraceUITests.swift in Sources */ = {isa = PBXBuildFile; fileRef = B0B9DBD0250FD12A0069BDF4 /* CustomiOSAdtraceUITests.swift */; };
/* End PBXBuildFile section */

/* Begin PBXContainerItemProxy section */
		B0B9DBC2250FD12A0069BDF4 /* PBXContainerItemProxy */ = {
			isa = PBXContainerItemProxy;
			containerPortal = B0B9DBA1250FD1290069BDF4 /* Project object */;
			proxyType = 1;
			remoteGlobalIDString = B0B9DBA8250FD1290069BDF4;
			remoteInfo = CustomiOSAdtrace;
		};
		B0B9DBCD250FD12A0069BDF4 /* PBXContainerItemProxy */ = {
			isa = PBXContainerItemProxy;
			containerPortal = B0B9DBA1250FD1290069BDF4 /* Project object */;
			proxyType = 1;
			remoteGlobalIDString = B0B9DBA8250FD1290069BDF4;
			remoteInfo = CustomiOSAdtrace;
		};
/* End PBXContainerItemProxy section */

/* Begin PBXFileReference section */
		B0B9DBA9250FD1290069BDF4 /* CustomiOSAdtrace.app */ = {isa = PBXFileReference; explicitFileType = wrapper.application; includeInIndex = 0; path = CustomiOSAdtrace.app; sourceTree = BUILT_PRODUCTS_DIR; };
		B0B9DBAC250FD1290069BDF4 /* AppDelegate.swift */ = {isa = PBXFileReference; lastKnownFileType = sourcecode.swift; path = AppDelegate.swift; sourceTree = "<group>"; };
		B0B9DBAE250FD1290069BDF4 /* SceneDelegate.swift */ = {isa = PBXFileReference; lastKnownFileType = sourcecode.swift; path = SceneDelegate.swift; sourceTree = "<group>"; };
		B0B9DBB0250FD1290069BDF4 /* ViewController.swift */ = {isa = PBXFileReference; lastKnownFileType = sourcecode.swift; path = ViewController.swift; sourceTree = "<group>"; };
		B0B9DBB3250FD1290069BDF4 /* Base */ = {isa = PBXFileReference; lastKnownFileType = file.storyboard; name = Base; path = Base.lproj/Main.storyboard; sourceTree = "<group>"; };
		B0B9DBB5250FD1290069BDF4 /* ContentView.swift */ = {isa = PBXFileReference; lastKnownFileType = sourcecode.swift; path = ContentView.swift; sourceTree = "<group>"; };
		B0B9DBB7250FD12A0069BDF4 /* Assets.xcassets */ = {isa = PBXFileReference; lastKnownFileType = folder.assetcatalog; path = Assets.xcassets; sourceTree = "<group>"; };
		B0B9DBBA250FD12A0069BDF4 /* Base */ = {isa = PBXFileReference; lastKnownFileType = file.storyboard; name = Base; path = Base.lproj/LaunchScreen.storyboard; sourceTree = "<group>"; };
		B0B9DBBC250FD12A0069BDF4 /* Info.plist */ = {isa = PBXFileReference; lastKnownFileType = text.plist.xml; path = Info.plist; sourceTree = "<group>"; };
		B0B9DBC1250FD12A0069BDF4 /* CustomiOSAdtraceTests.xctest */ = {isa = PBXFileReference; explicitFileType = wrapper.cfbundle; includeInIndex = 0; path = CustomiOSAdtraceTests.xctest; sourceTree = BUILT_PRODUCTS_DIR; };
		B0B9DBC5250FD12A0069BDF4 /* CustomiOSAdtraceTests.swift */ = {isa = PBXFileReference; lastKnownFileType = sourcecode.swift; path = CustomiOSAdtraceTests.swift; sourceTree = "<group>"; };
		B0B9DBC7250FD12A0069BDF4 /* Info.plist */ = {isa = PBXFileReference; lastKnownFileType = text.plist.xml; path = Info.plist; sourceTree = "<group>"; };
		B0B9DBCC250FD12A0069BDF4 /* CustomiOSAdtraceUITests.xctest */ = {isa = PBXFileReference; explicitFileType = wrapper.cfbundle; includeInIndex = 0; path = CustomiOSAdtraceUITests.xctest; sourceTree = BUILT_PRODUCTS_DIR; };
		B0B9DBD0250FD12A0069BDF4 /* CustomiOSAdtraceUITests.swift */ = {isa = PBXFileReference; lastKnownFileType = sourcecode.swift; path = CustomiOSAdtraceUITests.swift; sourceTree = "<group>"; };
		B0B9DBD2250FD12A0069BDF4 /* Info.plist */ = {isa = PBXFileReference; lastKnownFileType = text.plist.xml; path = Info.plist; sourceTree = "<group>"; };
/* End PBXFileReference section */

/* Begin PBXFrameworksBuildPhase section */
		B0B9DBA6250FD1290069BDF4 /* Frameworks */ = {
			isa = PBXFrameworksBuildPhase;
			buildActionMask = 2147483647;
			files = (
			);
			runOnlyForDeploymentPostprocessing = 0;
		};
		B0B9DBBE250FD12A0069BDF4 /* Frameworks */ = {
			isa = PBXFrameworksBuildPhase;
			buildActionMask = 2147483647;
			files = (
			);
			runOnlyForDeploymentPostprocessing = 0;
		};
		B0B9DBC9250FD12A0069BDF4 /* Frameworks */ = {
			isa = PBXFrameworksBuildPhase;
			buildActionMask = 2147483647;
			files = (
			);
			runOnlyForDeploymentPostprocessing = 0;
		};
/* End PBXFrameworksBuildPhase section */

/* Begin PBXGroup section */
		B0B9DBA0250FD1290069BDF4 = {
			isa = PBXGroup;
			children = (
				B0B9DBAB250FD1290069BDF4 /* CustomiOSAdtrace */,
				B0B9DBC4250FD12A0069BDF4 /* CustomiOSAdtraceTests */,
				B0B9DBCF250FD12A0069BDF4 /* CustomiOSAdtraceUITests */,
				B0B9DBAA250FD1290069BDF4 /* Products */,
			);
			sourceTree = "<group>";
		};
		B0B9DBAA250FD1290069BDF4 /* Products */ = {
			isa = PBXGroup;
			children = (
				B0B9DBA9250FD1290069BDF4 /* CustomiOSAdtrace.app */,
				B0B9DBC1250FD12A0069BDF4 /* CustomiOSAdtraceTests.xctest */,
				B0B9DBCC250FD12A0069BDF4 /* CustomiOSAdtraceUITests.xctest */,
			);
			name = Products;
			sourceTree = "<group>";
		};
		B0B9DBAB250FD1290069BDF4 /* CustomiOSAdtrace */ = {
			isa = PBXGroup;
			children = (
				B0B9DBAC250FD1290069BDF4 /* AppDelegate.swift */,
				B0B9DBAE250FD1290069BDF4 /* SceneDelegate.swift */,
				B0B9DBB0250FD1290069BDF4 /* ViewController.swift */,
				B0B9DBB2250FD1290069BDF4 /* Main.storyboard */,
				B0B9DBB5250FD1290069BDF4 /* ContentView.swift */,
				B0B9DBB7250FD12A0069BDF4 /* Assets.xcassets */,
				B0B9DBB9250FD12A0069BDF4 /* LaunchScreen.storyboard */,
				B0B9DBBC250FD12A0069BDF4 /* Info.plist */,
			);
			path = CustomiOSAdtrace;
			sourceTree = "<group>";
		};
		B0B9DBC4250FD12A0069BDF4 /* CustomiOSAdtraceTests */ = {
			isa = PBXGroup;
			children = (
				B0B9DBC5250FD12A0069BDF4 /* CustomiOSAdtraceTests.swift */,
				B0B9DBC7250FD12A0069BDF4 /* Info.plist */,
			);
			path = CustomiOSAdtraceTests;
			sourceTree = "<group>";
		};
		B0B9DBCF250FD12A0069BDF4 /* CustomiOSAdtraceUITests */ = {
			isa = PBXGroup;
			children = (
				B0B9DBD0250FD12A0069BDF4 /* CustomiOSAdtraceUITests.swift */,
				B0B9DBD2250FD12A0069BDF4 /* Info.plist */,
			);
			path = CustomiOSAdtraceUITests;
			sourceTree = "<group>";
		};
/* End PBXGroup section */

/* Begin PBXNativeTarget section */
		B0B9DBA8250FD1290069BDF4 /* CustomiOSAdtrace */ = {
			isa = PBXNativeTarget;
			buildConfigurationList = B0B9DBD5250FD12A0069BDF4 /* Build configuration list for PBXNativeTarget "CustomiOSAdtrace" */;
			buildPhases = (
				B0B9DBA5250FD1290069BDF4 /* Sources */,
				B0B9DBA6250FD1290069BDF4 /* Frameworks */,
				B0B9DBA7250FD1290069BDF4 /* Resources */,
			);
			buildRules = (
			);
			dependencies = (
			);
			name = CustomiOSAdtrace;
			productName = CustomiOSAdtrace;
			productReference = B0B9DBA9250FD1290069BDF4 /* CustomiOSAdtrace.app */;
			productType = "com.apple.product-type.application";
		};
		B0B9DBC0250FD12A0069BDF4 /* CustomiOSAdtraceTests */ = {
			isa = PBXNativeTarget;
			buildConfigurationList = B0B9DBD8250FD12A0069BDF4 /* Build configuration list for PBXNativeTarget "CustomiOSAdtraceTests" */;
			buildPhases = (
				B0B9DBBD250FD12A0069BDF4 /* Sources */,
				B0B9DBBE250FD12A0069BDF4 /* Frameworks */,
				B0B9DBBF250FD12A0069BDF4 /* Resources */,
			);
			buildRules = (
			);
			dependencies = (
				B0B9DBC3250FD12A0069BDF4 /* PBXTargetDependency */,
			);
			name = CustomiOSAdtraceTests;
			productName = CustomiOSAdtraceTests;
			productReference = B0B9DBC1250FD12A0069BDF4 /* CustomiOSAdtraceTests.xctest */;
			productType = "com.apple.product-type.bundle.unit-test";
		};
		B0B9DBCB250FD12A0069BDF4 /* CustomiOSAdtraceUITests */ = {
			isa = PBXNativeTarget;
			buildConfigurationList = B0B9DBDB250FD12A0069BDF4 /* Build configuration list for PBXNativeTarget "CustomiOSAdtraceUITests" */;
			buildPhases = (
				B0B9DBC8250FD12A0069BDF4 /* Sources */,
				B0B9DBC9250FD12A0069BDF4 /* Frameworks */,
				B0B9DBCA250FD12A0069BDF4 /* Resources */,
			);
			buildRules = (
			);
			dependencies = (
				B0B9DBCE250FD12A0069BDF4 /* PBXTargetDependency */,
			);
			name = CustomiOSAdtraceUITests;
			productName = CustomiOSAdtraceUITests;
			productReference = B0B9DBCC250FD12A0069BDF4 /* CustomiOSAdtraceUITests.xctest */;
			productType = "com.apple.product-type.bundle.ui-testing";
		};
/* End PBXNativeTarget section */

/* Begin PBXProject section */
		B0B9DBA1250FD1290069BDF4 /* Project object */ = {
			isa = PBXProject;
			attributes = {
				LastSwiftUpdateCheck = 1200;
				LastUpgradeCheck = 1200;
				TargetAttributes = {
					B0B9DBA8250FD1290069BDF4 = {
						CreatedOnToolsVersion = 12.0;
					};
					B0B9DBC0250FD12A0069BDF4 = {
						CreatedOnToolsVersion = 12.0;
						TestTargetID = B0B9DBA8250FD1290069BDF4;
					};
					B0B9DBCB250FD12A0069BDF4 = {
						CreatedOnToolsVersion = 12.0;
						TestTargetID = B0B9DBA8250FD1290069BDF4;
					};
				};
			};
			buildConfigurationList = B0B9DBA4250FD1290069BDF4 /* Build configuration list for PBXProject "CustomiOSAdtrace" */;
			compatibilityVersion = "Xcode 9.3";
			developmentRegion = en;
			hasScannedForEncodings = 0;
			knownRegions = (
				en,
				Base,
			);
			mainGroup = B0B9DBA0250FD1290069BDF4;
			productRefGroup = B0B9DBAA250FD1290069BDF4 /* Products */;
			projectDirPath = "";
			projectRoot = "";
			targets = (
				B0B9DBA8250FD1290069BDF4 /* CustomiOSAdtrace */,
				B0B9DBC0250FD12A0069BDF4 /* CustomiOSAdtraceTests */,
				B0B9DBCB250FD12A0069BDF4 /* CustomiOSAdtraceUITests */,
			);
		};
/* End PBXProject section */

/* Begin PBXResourcesBuildPhase section */
		B0B9DBA7250FD1290069BDF4 /* Resources */ = {
			isa = PBXResourcesBuildPhase;
			buildActionMask = 2147483647;
			files = (
				B0B9DBBB250FD12A0069BDF4 /* LaunchScreen.storyboard in Resources */,
				B0B9DBB8250FD12A0069BDF4 /* Assets.xcassets in Resources */,
				B0B9DBB4250FD1290069BDF4 /* Main.storyboard in Resources */,
			);
			runOnlyForDeploymentPostprocessing = 0;
		};
		B0B9DBBF250FD12A0069BDF4 /* Resources */ = {
			isa = PBXResourcesBuildPhase;
			buildActionMask = 2147483647;
			files = (
			);
			runOnlyForDeploymentPostprocessing = 0;
		};
		B0B9DBCA250FD12A0069BDF4 /* Resources */ = {
			isa = PBXResourcesBuildPhase;
			buildActionMask = 2147483647;
			files = (
			);
			runOnlyForDeploymentPostprocessing = 0;
		};
/* End PBXResourcesBuildPhase section */

/* Begin PBXSourcesBuildPhase section */
		B0B9DBA5250FD1290069BDF4 /* Sources */ = {
			isa = PBXSourcesBuildPhase;
			buildActionMask = 2147483647;
			files = (
				B0B9DBB1250FD1290069BDF4 /* ViewController.swift in Sources */,
				B0B9DBAD250FD1290069BDF4 /* AppDelegate.swift in Sources */,
				B0B9DBB6250FD1290069BDF4 /* ContentView.swift in Sources */,
				B0B9DBAF250FD1290069BDF4 /* SceneDelegate.swift in Sources */,
			);
			runOnlyForDeploymentPostprocessing = 0;
		};
		B0B9DBBD250FD12A0069BDF4 /* Sources */ = {
			isa = PBXSourcesBuildPhase;
			buildActionMask = 2147483647;
			files = (
				B0B9DBC6250FD12A0069BDF4 /* CustomiOSAdtraceTests.swift in Sources */,
			);
			runOnlyForDeploymentPostprocessing = 0;
		};
		B0B9DBC8250FD12A0069BDF4 /* Sources */ = {
			isa = PBXSourcesBuildPhase;
			buildActionMask = 2147483647;
			files = (
				B0B9DBD1250FD12A0069BDF4 /* CustomiOSAdtraceUITests.swift in Sources */,
			);
			runOnlyForDeploymentPostprocessing = 0;
		};
/* End PBXSourcesBuildPhase section */

/* Begin PBXTargetDependency section */
		B0B9DBC3250FD12A0069BDF4 /* PBXTargetDependency */ = {
			isa = PBXTargetDependency;
			target = B0B9DBA8250FD1290069BDF4 /* CustomiOSAdtrace */;
			targetProxy = B0B9DBC2250FD12A0069BDF4 /* PBXContainerItemProxy */;
		};
		B0B9DBCE250FD12A0069BDF4 /* PBXTargetDependency */ = {
			isa = PBXTargetDependency;
			target = B0B9DBA8250FD1290069BDF4 /* CustomiOSAdtrace */;
			targetProxy = B0B9DBCD250FD12A0069BDF4 /* PBXContainerItemProxy */;
		};
/* End PBXTargetDependency section */

/* Begin PBXVariantGroup section */
		B0B9DBB2250FD1290069BDF4 /* Main.storyboard */ = {
			isa = PBXVariantGroup;
			children = (
				B0B9DBB3250FD1290069BDF4 /* Base */,
			);
			name = Main.storyboard;
			sourceTree = "<group>";
		};
		B0B9DBB9250FD12A0069BDF4 /* LaunchScreen.storyboard */ = {
			isa = PBXVariantGroup;
			children = (
				B0B9DBBA250FD12A0069BDF4 /* Base */,
			);
			name = LaunchScreen.storyboard;
			sourceTree = "<group>";
		};
/* End PBXVariantGroup section */

/* Begin XCBuildConfiguration section */
		B0B9DBD3250FD12A0069BDF4 /* Debug */ = {
			isa = XCBuildConfiguration;
			buildSettings = {
				ALWAYS_SEARCH_USER_PATHS = NO;
				CLANG_ANALYZER_NONNULL = YES;
				CLANG_ANALYZER_NUMBER_OBJECT_CONVERSION = YES_AGGRESSIVE;
				CLANG_CXX_LANGUAGE_STANDARD = "gnu++14";
				CLANG_CXX_LIBRARY = "libc++";
				CLANG_ENABLE_MODULES = YES;
				CLANG_ENABLE_OBJC_ARC = YES;
				CLANG_ENABLE_OBJC_WEAK = YES;
				CLANG_WARN_BLOCK_CAPTURE_AUTORELEASING = YES;
				CLANG_WARN_BOOL_CONVERSION = YES;
				CLANG_WARN_COMMA = YES;
				CLANG_WARN_CONSTANT_CONVERSION = YES;
				CLANG_WARN_DEPRECATED_OBJC_IMPLEMENTATIONS = YES;
				CLANG_WARN_DIRECT_OBJC_ISA_USAGE = YES_ERROR;
				CLANG_WARN_DOCUMENTATION_COMMENTS = YES;
				CLANG_WARN_EMPTY_BODY = YES;
				CLANG_WARN_ENUM_CONVERSION = YES;
				CLANG_WARN_INFINITE_RECURSION = YES;
				CLANG_WARN_INT_CONVERSION = YES;
				CLANG_WARN_NON_LITERAL_NULL_CONVERSION = YES;
				CLANG_WARN_OBJC_IMPLICIT_RETAIN_SELF = YES;
				CLANG_WARN_OBJC_LITERAL_CONVERSION = YES;
				CLANG_WARN_OBJC_ROOT_CLASS = YES_ERROR;
				CLANG_WARN_QUOTED_INCLUDE_IN_FRAMEWORK_HEADER = YES;
				CLANG_WARN_RANGE_LOOP_ANALYSIS = YES;
				CLANG_WARN_STRICT_PROTOTYPES = YES;
				CLANG_WARN_SUSPICIOUS_MOVE = YES;
				CLANG_WARN_UNGUARDED_AVAILABILITY = YES_AGGRESSIVE;
				CLANG_WARN_UNREACHABLE_CODE = YES;
				CLANG_WARN__DUPLICATE_METHOD_MATCH = YES;
				COPY_PHASE_STRIP = NO;
				DEBUG_INFORMATION_FORMAT = dwarf;
				ENABLE_STRICT_OBJC_MSGSEND = YES;
				ENABLE_TESTABILITY = YES;
				GCC_C_LANGUAGE_STANDARD = gnu11;
				GCC_DYNAMIC_NO_PIC = NO;
				GCC_NO_COMMON_BLOCKS = YES;
				GCC_OPTIMIZATION_LEVEL = 0;
				GCC_PREPROCESSOR_DEFINITIONS = (
					"DEBUG=1",
					"$(inherited)",
				);
				GCC_WARN_64_TO_32_BIT_CONVERSION = YES;
				GCC_WARN_ABOUT_RETURN_TYPE = YES_ERROR;
				GCC_WARN_UNDECLARED_SELECTOR = YES;
				GCC_WARN_UNINITIALIZED_AUTOS = YES_AGGRESSIVE;
				GCC_WARN_UNUSED_FUNCTION = YES;
				GCC_WARN_UNUSED_VARIABLE = YES;
				IPHONEOS_DEPLOYMENT_TARGET = 14.0;
				MTL_ENABLE_DEBUG_INFO = INCLUDE_SOURCE;
				MTL_FAST_MATH = YES;
				ONLY_ACTIVE_ARCH = YES;
				SDKROOT = iphoneos;
				SWIFT_ACTIVE_COMPILATION_CONDITIONS = DEBUG;
				SWIFT_OPTIMIZATION_LEVEL = "-Onone";
			};
			name = Debug;
		};
		B0B9DBD4250FD12A0069BDF4 /* Release */ = {
			isa = XCBuildConfiguration;
			buildSettings = {
				ALWAYS_SEARCH_USER_PATHS = NO;
				CLANG_ANALYZER_NONNULL = YES;
				CLANG_ANALYZER_NUMBER_OBJECT_CONVERSION = YES_AGGRESSIVE;
				CLANG_CXX_LANGUAGE_STANDARD = "gnu++14";
				CLANG_CXX_LIBRARY = "libc++";
				CLANG_ENABLE_MODULES = YES;
				CLANG_ENABLE_OBJC_ARC = YES;
				CLANG_ENABLE_OBJC_WEAK = YES;
				CLANG_WARN_BLOCK_CAPTURE_AUTORELEASING = YES;
				CLANG_WARN_BOOL_CONVERSION = YES;
				CLANG_WARN_COMMA = YES;
				CLANG_WARN_CONSTANT_CONVERSION = YES;
				CLANG_WARN_DEPRECATED_OBJC_IMPLEMENTATIONS = YES;
				CLANG_WARN_DIRECT_OBJC_ISA_USAGE = YES_ERROR;
				CLANG_WARN_DOCUMENTATION_COMMENTS = YES;
				CLANG_WARN_EMPTY_BODY = YES;
				CLANG_WARN_ENUM_CONVERSION = YES;
				CLANG_WARN_INFINITE_RECURSION = YES;
				CLANG_WARN_INT_CONVERSION = YES;
				CLANG_WARN_NON_LITERAL_NULL_CONVERSION = YES;
				CLANG_WARN_OBJC_IMPLICIT_RETAIN_SELF = YES;
				CLANG_WARN_OBJC_LITERAL_CONVERSION = YES;
				CLANG_WARN_OBJC_ROOT_CLASS = YES_ERROR;
				CLANG_WARN_QUOTED_INCLUDE_IN_FRAMEWORK_HEADER = YES;
				CLANG_WARN_RANGE_LOOP_ANALYSIS = YES;
				CLANG_WARN_STRICT_PROTOTYPES = YES;
				CLANG_WARN_SUSPICIOUS_MOVE = YES;
				CLANG_WARN_UNGUARDED_AVAILABILITY = YES_AGGRESSIVE;
				CLANG_WARN_UNREACHABLE_CODE = YES;
				CLANG_WARN__DUPLICATE_METHOD_MATCH = YES;
				COPY_PHASE_STRIP = NO;
				DEBUG_INFORMATION_FORMAT = "dwarf-with-dsym";
				ENABLE_NS_ASSERTIONS = NO;
				ENABLE_STRICT_OBJC_MSGSEND = YES;
				GCC_C_LANGUAGE_STANDARD = gnu11;
				GCC_NO_COMMON_BLOCKS = YES;
				GCC_WARN_64_TO_32_BIT_CONVERSION = YES;
				GCC_WARN_ABOUT_RETURN_TYPE = YES_ERROR;
				GCC_WARN_UNDECLARED_SELECTOR = YES;
				GCC_WARN_UNINITIALIZED_AUTOS = YES_AGGRESSIVE;
				GCC_WARN_UNUSED_FUNCTION = YES;
				GCC_WARN_UNUSED_VARIABLE = YES;
				IPHONEOS_DEPLOYMENT_TARGET = 14.0;
				MTL_ENABLE_DEBUG_INFO = NO;
				MTL_FAST_MATH = YES;
				SDKROOT = iphoneos;
				SWIFT_COMPILATION_MODE = wholemodule;
				SWIFT_OPTIMIZATION_LEVEL = "-O";
				VALIDATE_PRODUCT = YES;
			};
			name = Release;
		};
		B0B9DBD6250FD12A0069BDF4 /* Debug */ = {
			isa = XCBuildConfiguration;
			buildSettings = {
				ASSETCATALOG_COMPILER_APPICON_NAME = AppIcon;
				ASSETCATALOG_COMPILER_GLOBAL_ACCENT_COLOR_NAME = AccentColor;
				CODE_SIGN_STYLE = Automatic;
				DEVELOPMENT_TEAM = 7WJUJ2BUQQ;
				INFOPLIST_FILE = CustomiOSAdtrace/Info.plist;
				LD_RUNPATH_SEARCH_PATHS = (
					"$(inherited)",
					"@executable_path/Frameworks",
				);
				PRODUCT_BUNDLE_IDENTIFIER = com.fearefull.CustomiOSAdtrace;
				PRODUCT_NAME = "$(TARGET_NAME)";
				SWIFT_VERSION = 5.0;
				TARGETED_DEVICE_FAMILY = "1,2";
			};
			name = Debug;
		};
		B0B9DBD7250FD12A0069BDF4 /* Release */ = {
			isa = XCBuildConfiguration;
			buildSettings = {
				ASSETCATALOG_COMPILER_APPICON_NAME = AppIcon;
				ASSETCATALOG_COMPILER_GLOBAL_ACCENT_COLOR_NAME = AccentColor;
				CODE_SIGN_STYLE = Automatic;
				DEVELOPMENT_TEAM = 7WJUJ2BUQQ;
				INFOPLIST_FILE = CustomiOSAdtrace/Info.plist;
				LD_RUNPATH_SEARCH_PATHS = (
					"$(inherited)",
					"@executable_path/Frameworks",
				);
				PRODUCT_BUNDLE_IDENTIFIER = com.fearefull.CustomiOSAdtrace;
				PRODUCT_NAME = "$(TARGET_NAME)";
				SWIFT_VERSION = 5.0;
				TARGETED_DEVICE_FAMILY = "1,2";
			};
			name = Release;
		};
		B0B9DBD9250FD12A0069BDF4 /* Debug */ = {
			isa = XCBuildConfiguration;
			buildSettings = {
				ALWAYS_EMBED_SWIFT_STANDARD_LIBRARIES = YES;
				BUNDLE_LOADER = "$(TEST_HOST)";
				CODE_SIGN_STYLE = Automatic;
				DEVELOPMENT_TEAM = 7WJUJ2BUQQ;
				INFOPLIST_FILE = CustomiOSAdtraceTests/Info.plist;
				IPHONEOS_DEPLOYMENT_TARGET = 14.0;
				LD_RUNPATH_SEARCH_PATHS = (
					"$(inherited)",
					"@executable_path/Frameworks",
					"@loader_path/Frameworks",
				);
				PRODUCT_BUNDLE_IDENTIFIER = com.fearefull.CustomiOSAdtraceTests;
				PRODUCT_NAME = "$(TARGET_NAME)";
				SWIFT_VERSION = 5.0;
				TARGETED_DEVICE_FAMILY = "1,2";
				TEST_HOST = "$(BUILT_PRODUCTS_DIR)/CustomiOSAdtrace.app/CustomiOSAdtrace";
			};
			name = Debug;
		};
		B0B9DBDA250FD12A0069BDF4 /* Release */ = {
			isa = XCBuildConfiguration;
			buildSettings = {
				ALWAYS_EMBED_SWIFT_STANDARD_LIBRARIES = YES;
				BUNDLE_LOADER = "$(TEST_HOST)";
				CODE_SIGN_STYLE = Automatic;
				DEVELOPMENT_TEAM = 7WJUJ2BUQQ;
				INFOPLIST_FILE = CustomiOSAdtraceTests/Info.plist;
				IPHONEOS_DEPLOYMENT_TARGET = 14.0;
				LD_RUNPATH_SEARCH_PATHS = (
					"$(inherited)",
					"@executable_path/Frameworks",
					"@loader_path/Frameworks",
				);
				PRODUCT_BUNDLE_IDENTIFIER = com.fearefull.CustomiOSAdtraceTests;
				PRODUCT_NAME = "$(TARGET_NAME)";
				SWIFT_VERSION = 5.0;
				TARGETED_DEVICE_FAMILY = "1,2";
				TEST_HOST = "$(BUILT_PRODUCTS_DIR)/CustomiOSAdtrace.app/CustomiOSAdtrace";
			};
			name = Release;
		};
		B0B9DBDC250FD12A0069BDF4 /* Debug */ = {
			isa = XCBuildConfiguration;
			buildSettings = {
				ALWAYS_EMBED_SWIFT_STANDARD_LIBRARIES = YES;
				CODE_SIGN_STYLE = Automatic;
				DEVELOPMENT_TEAM = 7WJUJ2BUQQ;
				INFOPLIST_FILE = CustomiOSAdtraceUITests/Info.plist;
				LD_RUNPATH_SEARCH_PATHS = (
					"$(inherited)",
					"@executable_path/Frameworks",
					"@loader_path/Frameworks",
				);
				PRODUCT_BUNDLE_IDENTIFIER = com.fearefull.CustomiOSAdtraceUITests;
				PRODUCT_NAME = "$(TARGET_NAME)";
				SWIFT_VERSION = 5.0;
				TARGETED_DEVICE_FAMILY = "1,2";
				TEST_TARGET_NAME = CustomiOSAdtrace;
			};
			name = Debug;
		};
		B0B9DBDD250FD12A0069BDF4 /* Release */ = {
			isa = XCBuildConfiguration;
			buildSettings = {
				ALWAYS_EMBED_SWIFT_STANDARD_LIBRARIES = YES;
				CODE_SIGN_STYLE = Automatic;
				DEVELOPMENT_TEAM = 7WJUJ2BUQQ;
				INFOPLIST_FILE = CustomiOSAdtraceUITests/Info.plist;
				LD_RUNPATH_SEARCH_PATHS = (
					"$(inherited)",
					"@executable_path/Frameworks",
					"@loader_path/Frameworks",
				);
				PRODUCT_BUNDLE_IDENTIFIER = com.fearefull.CustomiOSAdtraceUITests;
				PRODUCT_NAME = "$(TARGET_NAME)";
				SWIFT_VERSION = 5.0;
				TARGETED_DEVICE_FAMILY = "1,2";
				TEST_TARGET_NAME = CustomiOSAdtrace;
			};
			name = Release;
		};
/* End XCBuildConfiguration section */

/* Begin XCConfigurationList section */
		B0B9DBA4250FD1290069BDF4 /* Build configuration list for PBXProject "CustomiOSAdtrace" */ = {
			isa = XCConfigurationList;
			buildConfigurations = (
				B0B9DBD3250FD12A0069BDF4 /* Debug */,
				B0B9DBD4250FD12A0069BDF4 /* Release */,
			);
			defaultConfigurationIsVisible = 0;
			defaultConfigurationName = Release;
		};
		B0B9DBD5250FD12A0069BDF4 /* Build configuration list for PBXNativeTarget "CustomiOSAdtrace" */ = {
			isa = XCConfigurationList;
			buildConfigurations = (
				B0B9DBD6250FD12A0069BDF4 /* Debug */,
				B0B9DBD7250FD12A0069BDF4 /* Release */,
			);
			defaultConfigurationIsVisible = 0;
			defaultConfigurationName = Release;
		};
		B0B9DBD8250FD12A0069BDF4 /* Build configuration list for PBXNativeTarget "CustomiOSAdtraceTests" */ = {
			isa = XCConfigurationList;
			buildConfigurations = (
				B0B9DBD9250FD12A0069BDF4 /* Debug */,
				B0B9DBDA250FD12A0069BDF4 /* Release */,
			);
			defaultConfigurationIsVisible = 0;
			defaultConfigurationName = Release;
		};
		B0B9DBDB250FD12A0069BDF4 /* Build configuration list for PBXNativeTarget "CustomiOSAdtraceUITests" */ = {
			isa = XCConfigurationList;
			buildConfigurations = (
				B0B9DBDC250FD12A0069BDF4 /* Debug */,
				B0B9DBDD250FD12A0069BDF4 /* Release */,
			);
			defaultConfigurationIsVisible = 0;
			defaultConfigurationName = Release;
		};
/* End XCConfigurationList section */
	};
	rootObject = B0B9DBA1250FD1290069BDF4 /* Project object */;
}
